{
  "name": "bank_data",
  "version": "1.0.0",
  "lockfileVersion": 1,
  "requires": true,
  "dependencies": {
    "cli-table": {
      "version": "0.3.1",
      "resolved": "https://registry.npmjs.org/cli-table/-/cli-table-0.3.1.tgz",
      "integrity": "sha1-9TsFJmqLGguTSz0IIebi3FkUriM=",
      "dev": true,
      "requires": {
        "colors": "1.0.3"
      }
    },
    "colors": {
      "version": "1.0.3",
      "resolved": "https://registry.npmjs.org/colors/-/colors-1.0.3.tgz",
      "integrity": "sha1-BDP0TYCWgP3rYO0mDxsMJi6CpAs=",
      "dev": true
    },
    "csvtojson": {
      "version": "1.1.7",
      "resolved": "https://registry.npmjs.org/csvtojson/-/csvtojson-1.1.7.tgz",
      "integrity": "sha1-F97QeuwNjAHy1vaHHPo2q4ixSbE=",
      "dev": true,
      "requires": {
        "lodash": "4.17.4",
        "strip-bom": "1.0.0"
      }
    },
    "first-chunk-stream": {
      "version": "1.0.0",
      "resolved": "https://registry.npmjs.org/first-chunk-stream/-/first-chunk-stream-1.0.0.tgz",
      "integrity": "sha1-Wb+1DNkF9g18OUzT2ayqtOatk04=",
      "dev": true
    },
    "is-utf8": {
      "version": "0.2.1",
      "resolved": "https://registry.npmjs.org/is-utf8/-/is-utf8-0.2.1.tgz",
      "integrity": "sha1-Sw2hRCEE0bM2NA6AeX6GXPOffXI=",
      "dev": true
    },
    "lodash": {
      "version": "4.17.4",
      "resolved": "https://registry.npmjs.org/lodash/-/lodash-4.17.4.tgz",
      "integrity": "sha1-eCA6TRwyiuHYbcpkYONptX9AVa4=",
      "dev": true
    },
    "ramda": {
      "version": "0.24.1",
      "resolved": "https://registry.npmjs.org/ramda/-/ramda-0.24.1.tgz",
      "integrity": "sha1-w7d1UZfzW43DUCIoJixMkd22uFc=",
      "dev": true
    },
    "strip-bom": {
      "version": "1.0.0",
      "resolved": "https://registry.npmjs.org/strip-bom/-/strip-bom-1.0.0.tgz",
      "integrity": "sha1-hbiGLzhEtabV7IRnqTWYFzo295Q=",
      "dev": true,
      "requires": {
        "first-chunk-stream": "1.0.0",
        "is-utf8": "0.2.1"
      }
    }
  }
}
